
Microsoft Visual Studio Solution File, Format Version 12.00
# Visual Studio Version 17
VisualStudioVersion = 17.11.35303.130
MinimumVisualStudioVersion = 10.0.40219.1
Project("{FAE04EC0-301F-11D3-BF4B-00C04F79EFBC}") = "Glebov_24VP1_", "Glebov_24VP1_\Glebov_24VP1_.csproj", "{0C570216-BDA4-48B5-B033-D931448C2397}"
EndProject
Global
	GlobalSection(SolutionConfigurationPlatforms) = preSolution
		Debug|Any CPU = Debug|Any CPU
		Release|Any CPU = Release|Any CPU
	EndGlobalSection
	GlobalSection(ProjectConfigurationPlatforms) = postSolution
		{0C570216-BDA4-48B5-B033-D931448C2397}.Debug|Any CPU.ActiveCfg = Debug|Any CPU
		{0C570216-BDA4-48B5-B033-D931448C2397}.Debug|Any CPU.Build.0 = Debug|Any CPU
		{0C570216-BDA4-48B5-B033-D931448C2397}.Release|Any CPU.ActiveCfg = Release|Any CPU
		{0C570216-BDA4-48B5-B033-D931448C2397}.Release|Any CPU.Build.0 = Release|Any CPU
	EndGlobalSection
	GlobalSection(SolutionProperties) = preSolution
		HideSolutionNode = FALSE
	EndGlobalSection
	GlobalSection(ExtensibilityGlobals) = postSolution
		SolutionGuid = {81A24A46-36DB-4321-B71A-36664E317F24}
	EndGlobalSection
EndGlobal
